
Microsoft Visual Studio Solution File, Format Version 12.00
# Visual Studio Version 17
VisualStudioVersion = 17.7.34018.315
MinimumVisualStudioVersion = 10.0.40219.1
Project("{FAE04EC0-301F-11D3-BF4B-00C04F79EFBC}") = "01_C#_Assessment_Lottery_Program", "01_C#_Assessment_Lottery_Program.csproj", "{3387C8EF-7E41-43CB-AA6B-26D17E8EFFB6}"
EndProject
Global
	GlobalSection(SolutionConfigurationPlatforms) = preSolution
		Debug|Any CPU = Debug|Any CPU
		Release|Any CPU = Release|Any CPU
	EndGlobalSection
	GlobalSection(ProjectConfigurationPlatforms) = postSolution
		{3387C8EF-7E41-43CB-AA6B-26D17E8EFFB6}.Debug|Any CPU.ActiveCfg = Debug|Any CPU
		{3387C8EF-7E41-43CB-AA6B-26D17E8EFFB6}.Debug|Any CPU.Build.0 = Debug|Any CPU
		{3387C8EF-7E41-43CB-AA6B-26D17E8EFFB6}.Release|Any CPU.ActiveCfg = Release|Any CPU
		{3387C8EF-7E41-43CB-AA6B-26D17E8EFFB6}.Release|Any CPU.Build.0 = Release|Any CPU
	EndGlobalSection
	GlobalSection(SolutionProperties) = preSolution
		HideSolutionNode = FALSE
	EndGlobalSection
	GlobalSection(ExtensibilityGlobals) = postSolution
		SolutionGuid = {E9803353-6869-4E70-8789-393A20EA7F78}
	EndGlobalSection
EndGlobal
