
Microsoft Visual Studio Solution File, Format Version 12.00
# Visual Studio Version 17
VisualStudioVersion = 17.7.34018.315
MinimumVisualStudioVersion = 10.0.40219.1
Project("{FAE04EC0-301F-11D3-BF4B-00C04F79EFBC}") = "C#parameters_playground", "C#parameters_playground.csproj", "{CBD7B8D1-0FD9-4029-8BA8-58CC0CA57E8E}"
EndProject
Global
	GlobalSection(SolutionConfigurationPlatforms) = preSolution
		Debug|Any CPU = Debug|Any CPU
		Release|Any CPU = Release|Any CPU
	EndGlobalSection
	GlobalSection(ProjectConfigurationPlatforms) = postSolution
		{CBD7B8D1-0FD9-4029-8BA8-58CC0CA57E8E}.Debug|Any CPU.ActiveCfg = Debug|Any CPU
		{CBD7B8D1-0FD9-4029-8BA8-58CC0CA57E8E}.Debug|Any CPU.Build.0 = Debug|Any CPU
		{CBD7B8D1-0FD9-4029-8BA8-58CC0CA57E8E}.Release|Any CPU.ActiveCfg = Release|Any CPU
		{CBD7B8D1-0FD9-4029-8BA8-58CC0CA57E8E}.Release|Any CPU.Build.0 = Release|Any CPU
	EndGlobalSection
	GlobalSection(SolutionProperties) = preSolution
		HideSolutionNode = FALSE
	EndGlobalSection
	GlobalSection(ExtensibilityGlobals) = postSolution
		SolutionGuid = {3B920A48-A286-4829-8C1B-2CB5306F4EA8}
	EndGlobalSection
EndGlobal
