
Microsoft Visual Studio Solution File, Format Version 12.00
# Visual Studio Version 17
VisualStudioVersion = 17.7.34202.233
MinimumVisualStudioVersion = 10.0.40219.1
Project("{FAE04EC0-301F-11D3-BF4B-00C04F79EFBC}") = "Layout1-Prose", "Layout1-Prose.csproj", "{EDEBCE34-885B-42AD-B2CA-B2A2A96195F6}"
EndProject
Global
	GlobalSection(SolutionConfigurationPlatforms) = preSolution
		Debug|Any CPU = Debug|Any CPU
		Release|Any CPU = Release|Any CPU
	EndGlobalSection
	GlobalSection(ProjectConfigurationPlatforms) = postSolution
		{EDEBCE34-885B-42AD-B2CA-B2A2A96195F6}.Debug|Any CPU.ActiveCfg = Debug|Any CPU
		{EDEBCE34-885B-42AD-B2CA-B2A2A96195F6}.Debug|Any CPU.Build.0 = Debug|Any CPU
		{EDEBCE34-885B-42AD-B2CA-B2A2A96195F6}.Release|Any CPU.ActiveCfg = Release|Any CPU
		{EDEBCE34-885B-42AD-B2CA-B2A2A96195F6}.Release|Any CPU.Build.0 = Release|Any CPU
	EndGlobalSection
	GlobalSection(SolutionProperties) = preSolution
		HideSolutionNode = FALSE
	EndGlobalSection
	GlobalSection(ExtensibilityGlobals) = postSolution
		SolutionGuid = {B4475FC1-5F75-4A10-8FC9-E834F9334BB7}
	EndGlobalSection
EndGlobal
