
Microsoft Visual Studio Solution File, Format Version 12.00
# Visual Studio Version 17
VisualStudioVersion = 17.7.34018.315
MinimumVisualStudioVersion = 10.0.40219.1
Project("{FAE04EC0-301F-11D3-BF4B-00C04F79EFBC}") = "S3E5", "S3E5.csproj", "{AD00F4C4-A12C-4BE2-826D-719931E7E67C}"
EndProject
Global
	GlobalSection(SolutionConfigurationPlatforms) = preSolution
		Debug|Any CPU = Debug|Any CPU
		Release|Any CPU = Release|Any CPU
	EndGlobalSection
	GlobalSection(ProjectConfigurationPlatforms) = postSolution
		{AD00F4C4-A12C-4BE2-826D-719931E7E67C}.Debug|Any CPU.ActiveCfg = Debug|Any CPU
		{AD00F4C4-A12C-4BE2-826D-719931E7E67C}.Debug|Any CPU.Build.0 = Debug|Any CPU
		{AD00F4C4-A12C-4BE2-826D-719931E7E67C}.Release|Any CPU.ActiveCfg = Release|Any CPU
		{AD00F4C4-A12C-4BE2-826D-719931E7E67C}.Release|Any CPU.Build.0 = Release|Any CPU
	EndGlobalSection
	GlobalSection(SolutionProperties) = preSolution
		HideSolutionNode = FALSE
	EndGlobalSection
	GlobalSection(ExtensibilityGlobals) = postSolution
		SolutionGuid = {52BAB0BB-7E6D-4024-ABAE-77A5298DE300}
	EndGlobalSection
EndGlobal
