
Microsoft Visual Studio Solution File, Format Version 12.00
# Visual Studio Version 17
VisualStudioVersion = 17.7.34018.315
MinimumVisualStudioVersion = 10.0.40219.1
Project("{9A19103F-16F7-4668-BE54-9A1E7A4F7556}") = "S1E01", "S1E01.csproj", "{CFFB09DC-2678-49E5-86D4-FAC3428AEC22}"
EndProject
Global
	GlobalSection(SolutionConfigurationPlatforms) = preSolution
		Debug|Any CPU = Debug|Any CPU
		Release|Any CPU = Release|Any CPU
	EndGlobalSection
	GlobalSection(ProjectConfigurationPlatforms) = postSolution
		{CFFB09DC-2678-49E5-86D4-FAC3428AEC22}.Debug|Any CPU.ActiveCfg = Debug|Any CPU
		{CFFB09DC-2678-49E5-86D4-FAC3428AEC22}.Debug|Any CPU.Build.0 = Debug|Any CPU
		{CFFB09DC-2678-49E5-86D4-FAC3428AEC22}.Release|Any CPU.ActiveCfg = Release|Any CPU
		{CFFB09DC-2678-49E5-86D4-FAC3428AEC22}.Release|Any CPU.Build.0 = Release|Any CPU
	EndGlobalSection
	GlobalSection(SolutionProperties) = preSolution
		HideSolutionNode = FALSE
	EndGlobalSection
	GlobalSection(ExtensibilityGlobals) = postSolution
		SolutionGuid = {6BC7C97C-A087-493E-A5EF-6840938906F3}
	EndGlobalSection
EndGlobal
