
Microsoft Visual Studio Solution File, Format Version 12.00
# Visual Studio Version 17
VisualStudioVersion = 17.7.34018.315
MinimumVisualStudioVersion = 10.0.40219.1
Project("{FAE04EC0-301F-11D3-BF4B-00C04F79EFBC}") = "S5E11", "S5E11.csproj", "{2E29FD4E-EF5B-437B-A8F5-C5AA31BBAB42}"
EndProject
Global
	GlobalSection(SolutionConfigurationPlatforms) = preSolution
		Debug|Any CPU = Debug|Any CPU
		Release|Any CPU = Release|Any CPU
	EndGlobalSection
	GlobalSection(ProjectConfigurationPlatforms) = postSolution
		{2E29FD4E-EF5B-437B-A8F5-C5AA31BBAB42}.Debug|Any CPU.ActiveCfg = Debug|Any CPU
		{2E29FD4E-EF5B-437B-A8F5-C5AA31BBAB42}.Debug|Any CPU.Build.0 = Debug|Any CPU
		{2E29FD4E-EF5B-437B-A8F5-C5AA31BBAB42}.Release|Any CPU.ActiveCfg = Release|Any CPU
		{2E29FD4E-EF5B-437B-A8F5-C5AA31BBAB42}.Release|Any CPU.Build.0 = Release|Any CPU
	EndGlobalSection
	GlobalSection(SolutionProperties) = preSolution
		HideSolutionNode = FALSE
	EndGlobalSection
	GlobalSection(ExtensibilityGlobals) = postSolution
		SolutionGuid = {79B2CF5E-013F-482A-9569-2E0ED6ED7B59}
	EndGlobalSection
EndGlobal
