
Microsoft Visual Studio Solution File, Format Version 12.00
# Visual Studio Version 17
VisualStudioVersion = 17.7.34202.233
MinimumVisualStudioVersion = 10.0.40219.1
Project("{FAE04EC0-301F-11D3-BF4B-00C04F79EFBC}") = "Layout5-VictorianMoneyTracker", "Layout5-VictorianMoneyTracker.csproj", "{39937F6F-76B5-4016-BE6E-BDCBBDC74B93}"
EndProject
Global
	GlobalSection(SolutionConfigurationPlatforms) = preSolution
		Debug|Any CPU = Debug|Any CPU
		Release|Any CPU = Release|Any CPU
	EndGlobalSection
	GlobalSection(ProjectConfigurationPlatforms) = postSolution
		{39937F6F-76B5-4016-BE6E-BDCBBDC74B93}.Debug|Any CPU.ActiveCfg = Debug|Any CPU
		{39937F6F-76B5-4016-BE6E-BDCBBDC74B93}.Debug|Any CPU.Build.0 = Debug|Any CPU
		{39937F6F-76B5-4016-BE6E-BDCBBDC74B93}.Release|Any CPU.ActiveCfg = Release|Any CPU
		{39937F6F-76B5-4016-BE6E-BDCBBDC74B93}.Release|Any CPU.Build.0 = Release|Any CPU
	EndGlobalSection
	GlobalSection(SolutionProperties) = preSolution
		HideSolutionNode = FALSE
	EndGlobalSection
	GlobalSection(ExtensibilityGlobals) = postSolution
		SolutionGuid = {BF813007-3BAA-45C1-B44D-0E9365D458FF}
	EndGlobalSection
EndGlobal
