
Microsoft Visual Studio Solution File, Format Version 12.00
# Visual Studio Version 17
VisualStudioVersion = 17.7.34018.315
MinimumVisualStudioVersion = 10.0.40219.1
Project("{FAE04EC0-301F-11D3-BF4B-00C04F79EFBC}") = "S4E7", "S4E7.csproj", "{0873810A-ECAA-41F6-9715-369B6FED4489}"
EndProject
Global
	GlobalSection(SolutionConfigurationPlatforms) = preSolution
		Debug|Any CPU = Debug|Any CPU
		Release|Any CPU = Release|Any CPU
	EndGlobalSection
	GlobalSection(ProjectConfigurationPlatforms) = postSolution
		{0873810A-ECAA-41F6-9715-369B6FED4489}.Debug|Any CPU.ActiveCfg = Debug|Any CPU
		{0873810A-ECAA-41F6-9715-369B6FED4489}.Debug|Any CPU.Build.0 = Debug|Any CPU
		{0873810A-ECAA-41F6-9715-369B6FED4489}.Release|Any CPU.ActiveCfg = Release|Any CPU
		{0873810A-ECAA-41F6-9715-369B6FED4489}.Release|Any CPU.Build.0 = Release|Any CPU
	EndGlobalSection
	GlobalSection(SolutionProperties) = preSolution
		HideSolutionNode = FALSE
	EndGlobalSection
	GlobalSection(ExtensibilityGlobals) = postSolution
		SolutionGuid = {B6285BCB-4434-4B38-A5C0-863E6772CB1E}
	EndGlobalSection
EndGlobal
